
Microsoft Visual Studio Solution File, Format Version 12.00
# Visual Studio Version 16
VisualStudioVersion = 16.0.31424.327
MinimumVisualStudioVersion = 10.0.40219.1
Project("{FAE04EC0-301F-11D3-BF4B-00C04F79EFBC}") = "RazorNamesApplication", "RazorNamesApplication\RazorNamesApplication.csproj", "{AC7597D1-9769-4635-A81B-571D324C1EDF}"
EndProject
Global
	GlobalSection(SolutionConfigurationPlatforms) = preSolution
		Debug|Any CPU = Debug|Any CPU
		Release|Any CPU = Release|Any CPU
	EndGlobalSection
	GlobalSection(ProjectConfigurationPlatforms) = postSolution
		{AC7597D1-9769-4635-A81B-571D324C1EDF}.Debug|Any CPU.ActiveCfg = Debug|Any CPU
		{AC7597D1-9769-4635-A81B-571D324C1EDF}.Debug|Any CPU.Build.0 = Debug|Any CPU
		{AC7597D1-9769-4635-A81B-571D324C1EDF}.Release|Any CPU.ActiveCfg = Release|Any CPU
		{AC7597D1-9769-4635-A81B-571D324C1EDF}.Release|Any CPU.Build.0 = Release|Any CPU
	EndGlobalSection
	GlobalSection(SolutionProperties) = preSolution
		HideSolutionNode = FALSE
	EndGlobalSection
	GlobalSection(ExtensibilityGlobals) = postSolution
		SolutionGuid = {579838E2-31D2-43CB-ACE5-BA78A6356B6D}
	EndGlobalSection
EndGlobal
